// !$*UTF8*$!
{
	archiveVersion = 1;
	classes = {
	};
	objectVersion = 77;
	objects = {

/* Begin PBXContainerItemProxy section */
		740025EB2CC0C5570045829D /* PBXContainerItemProxy */ = {
			isa = PBXContainerItemProxy;
			containerPortal = 740025CB2CC0C5560045829D /* Project object */;
			proxyType = 1;
			remoteGlobalIDString = 740025D22CC0C5560045829D;
			remoteInfo = Swift_ASP;
		};
		740025F52CC0C5570045829D /* PBXContainerItemProxy */ = {
			isa = PBXContainerItemProxy;
			containerPortal = 740025CB2CC0C5560045829D /* Project object */;
			proxyType = 1;
			remoteGlobalIDString = 740025D22CC0C5560045829D;
			remoteInfo = Swift_ASP;
		};
/* End PBXContainerItemProxy section */

/* Begin PBXFileReference section */
		740025D32CC0C5560045829D /* Swift_ASP.app */ = {isa = PBXFileReference; explicitFileType = wrapper.application; includeInIndex = 0; path = Swift_ASP.app; sourceTree = BUILT_PRODUCTS_DIR; };
		740025EA2CC0C5570045829D /* Swift_ASPTests.xctest */ = {isa = PBXFileReference; explicitFileType = wrapper.cfbundle; includeInIndex = 0; path = Swift_ASPTests.xctest; sourceTree = BUILT_PRODUCTS_DIR; };
		740025F42CC0C5570045829D /* Swift_ASPUITests.xctest */ = {isa = PBXFileReference; explicitFileType = wrapper.cfbundle; includeInIndex = 0; path = Swift_ASPUITests.xctest; sourceTree = BUILT_PRODUCTS_DIR; };
/* End PBXFileReference section */

/* Begin PBXFileSystemSynchronizedBuildFileExceptionSet section */
		740025FC2CC0C5570045829D /* Exceptions for "Swift_ASP" folder in "Swift_ASP" target */ = {
			isa = PBXFileSystemSynchronizedBuildFileExceptionSet;
			membershipExceptions = (
				Info.plist,
			);
			target = 740025D22CC0C5560045829D /* Swift_ASP */;
		};
		74346CA42CDFF5FB0045FB33 /* Exceptions for "Swift_ASP" folder in "Swift_ASPTests" target */ = {
			isa = PBXFileSystemSynchronizedBuildFileExceptionSet;
			membershipExceptions = (
				Media.xcassets,
				UserUIView.swift,
			);
			target = 740025E92CC0C5570045829D /* Swift_ASPTests */;
		};
		74346CA52CDFF5FB0045FB33 /* Exceptions for "Swift_ASP" folder in "Swift_ASPUITests" target */ = {
			isa = PBXFileSystemSynchronizedBuildFileExceptionSet;
			membershipExceptions = (
				Media.xcassets,
				UserUIView.swift,
			);
			target = 740025F32CC0C5570045829D /* Swift_ASPUITests */;
		};
/* End PBXFileSystemSynchronizedBuildFileExceptionSet section */

/* Begin PBXFileSystemSynchronizedRootGroup section */
		740025D52CC0C5560045829D /* Swift_ASP */ = {
			isa = PBXFileSystemSynchronizedRootGroup;
			exceptions = (
				740025FC2CC0C5570045829D /* Exceptions for "Swift_ASP" folder in "Swift_ASP" target */,
				74346CA42CDFF5FB0045FB33 /* Exceptions for "Swift_ASP" folder in "Swift_ASPTests" target */,
				74346CA52CDFF5FB0045FB33 /* Exceptions for "Swift_ASP" folder in "Swift_ASPUITests" target */,
			);
			path = Swift_ASP;
			sourceTree = "<group>";
		};
		740025ED2CC0C5570045829D /* Swift_ASPTests */ = {
			isa = PBXFileSystemSynchronizedRootGroup;
			path = Swift_ASPTests;
			sourceTree = "<group>";
		};
		740025F72CC0C5570045829D /* Swift_ASPUITests */ = {
			isa = PBXFileSystemSynchronizedRootGroup;
			path = Swift_ASPUITests;
			sourceTree = "<group>";
		};
/* End PBXFileSystemSynchronizedRootGroup section */

/* Begin PBXFrameworksBuildPhase section */
		740025D02CC0C5560045829D /* Frameworks */ = {
			isa = PBXFrameworksBuildPhase;
			buildActionMask = 2147483647;
			files = (
			);
			runOnlyForDeploymentPostprocessing = 0;
		};
		740025E72CC0C5570045829D /* Frameworks */ = {
			isa = PBXFrameworksBuildPhase;
			buildActionMask = 2147483647;
			files = (
			);
			runOnlyForDeploymentPostprocessing = 0;
		};
		740025F12CC0C5570045829D /* Frameworks */ = {
			isa = PBXFrameworksBuildPhase;
			buildActionMask = 2147483647;
			files = (
			);
			runOnlyForDeploymentPostprocessing = 0;
		};
/* End PBXFrameworksBuildPhase section */

/* Begin PBXGroup section */
		740025CA2CC0C5560045829D = {
			isa = PBXGroup;
			children = (
				740025D52CC0C5560045829D /* Swift_ASP */,
				740025ED2CC0C5570045829D /* Swift_ASPTests */,
				740025F72CC0C5570045829D /* Swift_ASPUITests */,
				740025D42CC0C5560045829D /* Products */,
			);
			sourceTree = "<group>";
		};
		740025D42CC0C5560045829D /* Products */ = {
			isa = PBXGroup;
			children = (
				740025D32CC0C5560045829D /* Swift_ASP.app */,
				740025EA2CC0C5570045829D /* Swift_ASPTests.xctest */,
				740025F42CC0C5570045829D /* Swift_ASPUITests.xctest */,
			);
			name = Products;
			sourceTree = "<group>";
		};
/* End PBXGroup section */

/* Begin PBXNativeTarget section */
		740025D22CC0C5560045829D /* Swift_ASP */ = {
			isa = PBXNativeTarget;
			buildConfigurationList = 740025FD2CC0C5570045829D /* Build configuration list for PBXNativeTarget "Swift_ASP" */;
			buildPhases = (
				740025CF2CC0C5560045829D /* Sources */,
				740025D02CC0C5560045829D /* Frameworks */,
				740025D12CC0C5560045829D /* Resources */,
			);
			buildRules = (
			);
			dependencies = (
			);
			fileSystemSynchronizedGroups = (
				740025D52CC0C5560045829D /* Swift_ASP */,
			);
			name = Swift_ASP;
			packageProductDependencies = (
			);
			productName = Swift_ASP;
			productReference = 740025D32CC0C5560045829D /* Swift_ASP.app */;
			productType = "com.apple.product-type.application";
		};
		740025E92CC0C5570045829D /* Swift_ASPTests */ = {
			isa = PBXNativeTarget;
			buildConfigurationList = 740026022CC0C5570045829D /* Build configuration list for PBXNativeTarget "Swift_ASPTests" */;
			buildPhases = (
				740025E62CC0C5570045829D /* Sources */,
				740025E72CC0C5570045829D /* Frameworks */,
				740025E82CC0C5570045829D /* Resources */,
			);
			buildRules = (
			);
			dependencies = (
				740025EC2CC0C5570045829D /* PBXTargetDependency */,
			);
			fileSystemSynchronizedGroups = (
				740025ED2CC0C5570045829D /* Swift_ASPTests */,
			);
			name = Swift_ASPTests;
			packageProductDependencies = (
			);
			productName = Swift_ASPTests;
			productReference = 740025EA2CC0C5570045829D /* Swift_ASPTests.xctest */;
			productType = "com.apple.product-type.bundle.unit-test";
		};
		740025F32CC0C5570045829D /* Swift_ASPUITests */ = {
			isa = PBXNativeTarget;
			buildConfigurationList = 740026052CC0C5570045829D /* Build configuration list for PBXNativeTarget "Swift_ASPUITests" */;
			buildPhases = (
				740025F02CC0C5570045829D /* Sources */,
				740025F12CC0C5570045829D /* Frameworks */,
				740025F22CC0C5570045829D /* Resources */,
			);
			buildRules = (
			);
			dependencies = (
				740025F62CC0C5570045829D /* PBXTargetDependency */,
			);
			fileSystemSynchronizedGroups = (
				740025F72CC0C5570045829D /* Swift_ASPUITests */,
			);
			name = Swift_ASPUITests;
			packageProductDependencies = (
			);
			productName = Swift_ASPUITests;
			productReference = 740025F42CC0C5570045829D /* Swift_ASPUITests.xctest */;
			productType = "com.apple.product-type.bundle.ui-testing";
		};
/* End PBXNativeTarget section */

/* Begin PBXProject section */
		740025CB2CC0C5560045829D /* Project object */ = {
			isa = PBXProject;
			attributes = {
				BuildIndependentTargetsInParallel = 1;
				LastSwiftUpdateCheck = 1600;
				LastUpgradeCheck = 1600;
				TargetAttributes = {
					740025D22CC0C5560045829D = {
						CreatedOnToolsVersion = 16.0;
					};
					740025E92CC0C5570045829D = {
						CreatedOnToolsVersion = 16.0;
						TestTargetID = 740025D22CC0C5560045829D;
					};
					740025F32CC0C5570045829D = {
						CreatedOnToolsVersion = 16.0;
						TestTargetID = 740025D22CC0C5560045829D;
					};
				};
			};
			buildConfigurationList = 740025CE2CC0C5560045829D /* Build configuration list for PBXProject "Swift_ASP" */;
			developmentRegion = en;
			hasScannedForEncodings = 0;
			knownRegions = (
				en,
				Base,
			);
			mainGroup = 740025CA2CC0C5560045829D;
			minimizedProjectReferenceProxies = 1;
			preferredProjectObjectVersion = 77;
			productRefGroup = 740025D42CC0C5560045829D /* Products */;
			projectDirPath = "";
			projectRoot = "";
			targets = (
				740025D22CC0C5560045829D /* Swift_ASP */,
				740025E92CC0C5570045829D /* Swift_ASPTests */,
				740025F32CC0C5570045829D /* Swift_ASPUITests */,
			);
		};
/* End PBXProject section */

/* Begin PBXResourcesBuildPhase section */
		740025D12CC0C5560045829D /* Resources */ = {
			isa = PBXResourcesBuildPhase;
			buildActionMask = 2147483647;
			files = (
			);
			runOnlyForDeploymentPostprocessing = 0;
		};
		740025E82CC0C5570045829D /* Resources */ = {
			isa = PBXResourcesBuildPhase;
			buildActionMask = 2147483647;
			files = (
			);
			runOnlyForDeploymentPostprocessing = 0;
		};
		740025F22CC0C5570045829D /* Resources */ = {
			isa = PBXResourcesBuildPhase;
			buildActionMask = 2147483647;
			files = (
			);
			runOnlyForDeploymentPostprocessing = 0;
		};
/* End PBXResourcesBuildPhase section */

/* Begin PBXSourcesBuildPhase section */
		740025CF2CC0C5560045829D /* Sources */ = {
			isa = PBXSourcesBuildPhase;
			buildActionMask = 2147483647;
			files = (
			);
			runOnlyForDeploymentPostprocessing = 0;
		};
		740025E62CC0C5570045829D /* Sources */ = {
			isa = PBXSourcesBuildPhase;
			buildActionMask = 2147483647;
			files = (
			);
			runOnlyForDeploymentPostprocessing = 0;
		};
		740025F02CC0C5570045829D /* Sources */ = {
			isa = PBXSourcesBuildPhase;
			buildActionMask = 2147483647;
			files = (
			);
			runOnlyForDeploymentPostprocessing = 0;
		};
/* End PBXSourcesBuildPhase section */

/* Begin PBXTargetDependency section */
		740025EC2CC0C5570045829D /* PBXTargetDependency */ = {
			isa = PBXTargetDependency;
			target = 740025D22CC0C5560045829D /* Swift_ASP */;
			targetProxy = 740025EB2CC0C5570045829D /* PBXContainerItemProxy */;
		};
		740025F62CC0C5570045829D /* PBXTargetDependency */ = {
			isa = PBXTargetDependency;
			target = 740025D22CC0C5560045829D /* Swift_ASP */;
			targetProxy = 740025F52CC0C5570045829D /* PBXContainerItemProxy */;
		};
/* End PBXTargetDependency section */

/* Begin XCBuildConfiguration section */
		740025FE2CC0C5570045829D /* Debug */ = {
			isa = XCBuildConfiguration;
			buildSettings = {
				ASSETCATALOG_COMPILER_APPICON_NAME = AppIcon;
				ASSETCATALOG_COMPILER_GLOBAL_ACCENT_COLOR_NAME = AccentColor;
				CODE_SIGN_ENTITLEMENTS = Swift_ASP/Swift_ASP.entitlements;
				CODE_SIGN_STYLE = Automatic;
				CURRENT_PROJECT_VERSION = 1;
				DEVELOPMENT_ASSET_PATHS = "\"Swift_ASP/Preview Content\"";
				ENABLE_PREVIEWS = YES;
				GENERATE_INFOPLIST_FILE = YES;
				INFOPLIST_FILE = Swift_ASP/Info.plist;
				INFOPLIST_KEY_UIApplicationSceneManifest_Generation = YES;
				INFOPLIST_KEY_UIApplicationSupportsIndirectInputEvents = YES;
				INFOPLIST_KEY_UILaunchScreen_Generation = YES;
				INFOPLIST_KEY_UISupportedInterfaceOrientations_iPad = "UIInterfaceOrientationPortrait UIInterfaceOrientationPortraitUpsideDown UIInterfaceOrientationLandscapeLeft UIInterfaceOrientationLandscapeRight";
				INFOPLIST_KEY_UISupportedInterfaceOrientations_iPhone = "UIInterfaceOrientationPortrait UIInterfaceOrientationLandscapeLeft UIInterfaceOrientationLandscapeRight";
				LD_RUNPATH_SEARCH_PATHS = (
					"$(inherited)",
					"@executable_path/Frameworks",
				);
				MARKETING_VERSION = 1.0;
				PRODUCT_BUNDLE_IDENTIFIER = "Chen.Swift-ASP";
				PRODUCT_NAME = "$(TARGET_NAME)";
				SWIFT_EMIT_LOC_STRINGS = YES;
				SWIFT_VERSION = 5.0;
				TARGETED_DEVICE_FAMILY = "1,2";
			};
			name = Debug;
		};
		740025FF2CC0C5570045829D /* Release */ = {
			isa = XCBuildConfiguration;
			buildSettings = {
				ASSETCATALOG_COMPILER_APPICON_NAME = AppIcon;
				ASSETCATALOG_COMPILER_GLOBAL_ACCENT_COLOR_NAME = AccentColor;
				CODE_SIGN_ENTITLEMENTS = Swift_ASP/Swift_ASP.entitlements;
				CODE_SIGN_STYLE = Automatic;
				CURRENT_PROJECT_VERSION = 1;
				DEVELOPMENT_ASSET_PATHS = "\"Swift_ASP/Preview Content\"";
				ENABLE_PREVIEWS = YES;
				GENERATE_INFOPLIST_FILE = YES;
				INFOPLIST_FILE = Swift_ASP/Info.plist;
				INFOPLIST_KEY_UIApplicationSceneManifest_Generation = YES;
				INFOPLIST_KEY_UIApplicationSupportsIndirectInputEvents = YES;
				INFOPLIST_KEY_UILaunchScreen_Generation = YES;
				INFOPLIST_KEY_UISupportedInterfaceOrientations_iPad = "UIInterfaceOrientationPortrait UIInterfaceOrientationPortraitUpsideDown UIInterfaceOrientationLandscapeLeft UIInterfaceOrientationLandscapeRight";
				INFOPLIST_KEY_UISupportedInterfaceOrientations_iPhone = "UIInterfaceOrientationPortrait UIInterfaceOrientationLandscapeLeft UIInterfaceOrientationLandscapeRight";
				LD_RUNPATH_SEARCH_PATHS = (
					"$(inherited)",
					"@executable_path/Frameworks",
				);
				MARKETING_VERSION = 1.0;
				PRODUCT_BUNDLE_IDENTIFIER = "Chen.Swift-ASP";
				PRODUCT_NAME = "$(TARGET_NAME)";
				SWIFT_EMIT_LOC_STRINGS = YES;
				SWIFT_VERSION = 5.0;
				TARGETED_DEVICE_FAMILY = "1,2";
			};
			name = Release;
		};
		740026002CC0C5570045829D /* Debug */ = {
			isa = XCBuildConfiguration;
			buildSettings = {
				ALWAYS_SEARCH_USER_PATHS = NO;
				ASSETCATALOG_COMPILER_GENERATE_SWIFT_ASSET_SYMBOL_EXTENSIONS = YES;
				CLANG_ANALYZER_NONNULL = YES;
				CLANG_ANALYZER_NUMBER_OBJECT_CONVERSION = YES_AGGRESSIVE;
				CLANG_CXX_LANGUAGE_STANDARD = "gnu++20";
				CLANG_ENABLE_MODULES = YES;
				CLANG_ENABLE_OBJC_ARC = YES;
				CLANG_ENABLE_OBJC_WEAK = YES;
				CLANG_WARN_BLOCK_CAPTURE_AUTORELEASING = YES;
				CLANG_WARN_BOOL_CONVERSION = YES;
				CLANG_WARN_COMMA = YES;
				CLANG_WARN_CONSTANT_CONVERSION = YES;
				CLANG_WARN_DEPRECATED_OBJC_IMPLEMENTATIONS = YES;
				CLANG_WARN_DIRECT_OBJC_ISA_USAGE = YES_ERROR;
				CLANG_WARN_DOCUMENTATION_COMMENTS = YES;
				CLANG_WARN_EMPTY_BODY = YES;
				CLANG_WARN_ENUM_CONVERSION = YES;
				CLANG_WARN_INFINITE_RECURSION = YES;
				CLANG_WARN_INT_CONVERSION = YES;
				CLANG_WARN_NON_LITERAL_NULL_CONVERSION = YES;
				CLANG_WARN_OBJC_IMPLICIT_RETAIN_SELF = YES;
				CLANG_WARN_OBJC_LITERAL_CONVERSION = YES;
				CLANG_WARN_OBJC_ROOT_CLASS = YES_ERROR;
				CLANG_WARN_QUOTED_INCLUDE_IN_FRAMEWORK_HEADER = YES;
				CLANG_WARN_RANGE_LOOP_ANALYSIS = YES;
				CLANG_WARN_STRICT_PROTOTYPES = YES;
				CLANG_WARN_SUSPICIOUS_MOVE = YES;
				CLANG_WARN_UNGUARDED_AVAILABILITY = YES_AGGRESSIVE;
				CLANG_WARN_UNREACHABLE_CODE = YES;
				CLANG_WARN__DUPLICATE_METHOD_MATCH = YES;
				COPY_PHASE_STRIP = NO;
				DEBUG_INFORMATION_FORMAT = dwarf;
				ENABLE_STRICT_OBJC_MSGSEND = YES;
				ENABLE_TESTABILITY = YES;
				ENABLE_USER_SCRIPT_SANDBOXING = YES;
				GCC_C_LANGUAGE_STANDARD = gnu17;
				GCC_DYNAMIC_NO_PIC = NO;
				GCC_NO_COMMON_BLOCKS = YES;
				GCC_OPTIMIZATION_LEVEL = 0;
				GCC_PREPROCESSOR_DEFINITIONS = (
					"DEBUG=1",
					"$(inherited)",
				);
				GCC_WARN_64_TO_32_BIT_CONVERSION = YES;
				GCC_WARN_ABOUT_RETURN_TYPE = YES_ERROR;
				GCC_WARN_UNDECLARED_SELECTOR = YES;
				GCC_WARN_UNINITIALIZED_AUTOS = YES_AGGRESSIVE;
				GCC_WARN_UNUSED_FUNCTION = YES;
				GCC_WARN_UNUSED_VARIABLE = YES;
				IPHONEOS_DEPLOYMENT_TARGET = 18.0;
				LOCALIZATION_PREFERS_STRING_CATALOGS = YES;
				MTL_ENABLE_DEBUG_INFO = INCLUDE_SOURCE;
				MTL_FAST_MATH = YES;
				ONLY_ACTIVE_ARCH = YES;
				SDKROOT = iphoneos;
				SWIFT_ACTIVE_COMPILATION_CONDITIONS = "DEBUG $(inherited)";
				SWIFT_OPTIMIZATION_LEVEL = "-Onone";
			};
			name = Debug;
		};
		740026012CC0C5570045829D /* Release */ = {
			isa = XCBuildConfiguration;
			buildSettings = {
				ALWAYS_SEARCH_USER_PATHS = NO;
				ASSETCATALOG_COMPILER_GENERATE_SWIFT_ASSET_SYMBOL_EXTENSIONS = YES;
				CLANG_ANALYZER_NONNULL = YES;
				CLANG_ANALYZER_NUMBER_OBJECT_CONVERSION = YES_AGGRESSIVE;
				CLANG_CXX_LANGUAGE_STANDARD = "gnu++20";
				CLANG_ENABLE_MODULES = YES;
				CLANG_ENABLE_OBJC_ARC = YES;
				CLANG_ENABLE_OBJC_WEAK = YES;
				CLANG_WARN_BLOCK_CAPTURE_AUTORELEASING = YES;
				CLANG_WARN_BOOL_CONVERSION = YES;
				CLANG_WARN_COMMA = YES;
				CLANG_WARN_CONSTANT_CONVERSION = YES;
				CLANG_WARN_DEPRECATED_OBJC_IMPLEMENTATIONS = YES;
				CLANG_WARN_DIRECT_OBJC_ISA_USAGE = YES_ERROR;
				CLANG_WARN_DOCUMENTATION_COMMENTS = YES;
				CLANG_WARN_EMPTY_BODY = YES;
				CLANG_WARN_ENUM_CONVERSION = YES;
				CLANG_WARN_INFINITE_RECURSION = YES;
				CLANG_WARN_INT_CONVERSION = YES;
				CLANG_WARN_NON_LITERAL_NULL_CONVERSION = YES;
				CLANG_WARN_OBJC_IMPLICIT_RETAIN_SELF = YES;
				CLANG_WARN_OBJC_LITERAL_CONVERSION = YES;
				CLANG_WARN_OBJC_ROOT_CLASS = YES_ERROR;
				CLANG_WARN_QUOTED_INCLUDE_IN_FRAMEWORK_HEADER = YES;
				CLANG_WARN_RANGE_LOOP_ANALYSIS = YES;
				CLANG_WARN_STRICT_PROTOTYPES = YES;
				CLANG_WARN_SUSPICIOUS_MOVE = YES;
				CLANG_WARN_UNGUARDED_AVAILABILITY = YES_AGGRESSIVE;
				CLANG_WARN_UNREACHABLE_CODE = YES;
				CLANG_WARN__DUPLICATE_METHOD_MATCH = YES;
				COPY_PHASE_STRIP = NO;
				DEBUG_INFORMATION_FORMAT = "dwarf-with-dsym";
				ENABLE_NS_ASSERTIONS = NO;
				ENABLE_STRICT_OBJC_MSGSEND = YES;
				ENABLE_USER_SCRIPT_SANDBOXING = YES;
				GCC_C_LANGUAGE_STANDARD = gnu17;
				GCC_NO_COMMON_BLOCKS = YES;
				GCC_WARN_64_TO_32_BIT_CONVERSION = YES;
				GCC_WARN_ABOUT_RETURN_TYPE = YES_ERROR;
				GCC_WARN_UNDECLARED_SELECTOR = YES;
				GCC_WARN_UNINITIALIZED_AUTOS = YES_AGGRESSIVE;
				GCC_WARN_UNUSED_FUNCTION = YES;
				GCC_WARN_UNUSED_VARIABLE = YES;
				IPHONEOS_DEPLOYMENT_TARGET = 18.0;
				LOCALIZATION_PREFERS_STRING_CATALOGS = YES;
				MTL_ENABLE_DEBUG_INFO = NO;
				MTL_FAST_MATH = YES;
				SDKROOT = iphoneos;
				SWIFT_COMPILATION_MODE = wholemodule;
				VALIDATE_PRODUCT = YES;
			};
			name = Release;
		};
		740026032CC0C5570045829D /* Debug */ = {
			isa = XCBuildConfiguration;
			buildSettings = {
				BUNDLE_LOADER = "$(TEST_HOST)";
				CODE_SIGN_STYLE = Automatic;
				CURRENT_PROJECT_VERSION = 1;
				GENERATE_INFOPLIST_FILE = YES;
				IPHONEOS_DEPLOYMENT_TARGET = 18.0;
				MARKETING_VERSION = 1.0;
				PRODUCT_BUNDLE_IDENTIFIER = "Chen.Swift-ASPTests";
				PRODUCT_NAME = "$(TARGET_NAME)";
				SWIFT_EMIT_LOC_STRINGS = NO;
				SWIFT_VERSION = 5.0;
				TARGETED_DEVICE_FAMILY = "1,2";
				TEST_HOST = "$(BUILT_PRODUCTS_DIR)/Swift_ASP.app/$(BUNDLE_EXECUTABLE_FOLDER_PATH)/Swift_ASP";
			};
			name = Debug;
		};
		740026042CC0C5570045829D /* Release */ = {
			isa = XCBuildConfiguration;
			buildSettings = {
				BUNDLE_LOADER = "$(TEST_HOST)";
				CODE_SIGN_STYLE = Automatic;
				CURRENT_PROJECT_VERSION = 1;
				GENERATE_INFOPLIST_FILE = YES;
				IPHONEOS_DEPLOYMENT_TARGET = 18.0;
				MARKETING_VERSION = 1.0;
				PRODUCT_BUNDLE_IDENTIFIER = "Chen.Swift-ASPTests";
				PRODUCT_NAME = "$(TARGET_NAME)";
				SWIFT_EMIT_LOC_STRINGS = NO;
				SWIFT_VERSION = 5.0;
				TARGETED_DEVICE_FAMILY = "1,2";
				TEST_HOST = "$(BUILT_PRODUCTS_DIR)/Swift_ASP.app/$(BUNDLE_EXECUTABLE_FOLDER_PATH)/Swift_ASP";
			};
			name = Release;
		};
		740026062CC0C5570045829D /* Debug */ = {
			isa = XCBuildConfiguration;
			buildSettings = {
				CODE_SIGN_STYLE = Automatic;
				CURRENT_PROJECT_VERSION = 1;
				GENERATE_INFOPLIST_FILE = YES;
				MARKETING_VERSION = 1.0;
				PRODUCT_BUNDLE_IDENTIFIER = "Chen.Swift-ASPUITests";
				PRODUCT_NAME = "$(TARGET_NAME)";
				SWIFT_EMIT_LOC_STRINGS = NO;
				SWIFT_VERSION = 5.0;
				TARGETED_DEVICE_FAMILY = "1,2";
				TEST_TARGET_NAME = Swift_ASP;
			};
			name = Debug;
		};
		740026072CC0C5570045829D /* Release */ = {
			isa = XCBuildConfiguration;
			buildSettings = {
				CODE_SIGN_STYLE = Automatic;
				CURRENT_PROJECT_VERSION = 1;
				GENERATE_INFOPLIST_FILE = YES;
				MARKETING_VERSION = 1.0;
				PRODUCT_BUNDLE_IDENTIFIER = "Chen.Swift-ASPUITests";
				PRODUCT_NAME = "$(TARGET_NAME)";
				SWIFT_EMIT_LOC_STRINGS = NO;
				SWIFT_VERSION = 5.0;
				TARGETED_DEVICE_FAMILY = "1,2";
				TEST_TARGET_NAME = Swift_ASP;
			};
			name = Release;
		};
/* End XCBuildConfiguration section */

/* Begin XCConfigurationList section */
		740025CE2CC0C5560045829D /* Build configuration list for PBXProject "Swift_ASP" */ = {
			isa = XCConfigurationList;
			buildConfigurations = (
				740026002CC0C5570045829D /* Debug */,
				740026012CC0C5570045829D /* Release */,
			);
			defaultConfigurationIsVisible = 0;
			defaultConfigurationName = Release;
		};
		740025FD2CC0C5570045829D /* Build configuration list for PBXNativeTarget "Swift_ASP" */ = {
			isa = XCConfigurationList;
			buildConfigurations = (
				740025FE2CC0C5570045829D /* Debug */,
				740025FF2CC0C5570045829D /* Release */,
			);
			defaultConfigurationIsVisible = 0;
			defaultConfigurationName = Release;
		};
		740026022CC0C5570045829D /* Build configuration list for PBXNativeTarget "Swift_ASPTests" */ = {
			isa = XCConfigurationList;
			buildConfigurations = (
				740026032CC0C5570045829D /* Debug */,
				740026042CC0C5570045829D /* Release */,
			);
			defaultConfigurationIsVisible = 0;
			defaultConfigurationName = Release;
		};
		740026052CC0C5570045829D /* Build configuration list for PBXNativeTarget "Swift_ASPUITests" */ = {
			isa = XCConfigurationList;
			buildConfigurations = (
				740026062CC0C5570045829D /* Debug */,
				740026072CC0C5570045829D /* Release */,
			);
			defaultConfigurationIsVisible = 0;
			defaultConfigurationName = Release;
		};
/* End XCConfigurationList section */
	};
	rootObject = 740025CB2CC0C5560045829D /* Project object */;
}
